
Microsoft Visual Studio Solution File, Format Version 12.00
# Visual Studio 15
VisualStudioVersion = 15.0.27130.2010
MinimumVisualStudioVersion = 10.0.40219.1
Project("{159641D6-6404-4A2A-AE62-294DE0FE8301}") = "GymWorkoutIntegration", "GymWorkoutIntegration\GymWorkoutIntegration.dtproj", "{DB817C6C-5B69-4614-8573-F7634DA2B64D}"
EndProject
Global
	GlobalSection(SolutionConfigurationPlatforms) = preSolution
		Development|Default = Development|Default
	EndGlobalSection
	GlobalSection(ProjectConfigurationPlatforms) = postSolution
		{DB817C6C-5B69-4614-8573-F7634DA2B64D}.Development|Default.ActiveCfg = Development
		{DB817C6C-5B69-4614-8573-F7634DA2B64D}.Development|Default.Build.0 = Development
	EndGlobalSection
	GlobalSection(SolutionProperties) = preSolution
		HideSolutionNode = FALSE
	EndGlobalSection
	GlobalSection(ExtensibilityGlobals) = postSolution
		SolutionGuid = {BBBF7BAF-75CD-4773-A9B8-14333D9BB2B9}
	EndGlobalSection
EndGlobal
