
Microsoft Visual Studio Solution File, Format Version 12.00
# Visual Studio 15
VisualStudioVersion = 15.0.27130.2010
MinimumVisualStudioVersion = 10.0.40219.1
Project("{FAE04EC0-301F-11D3-BF4B-00C04F79EFBC}") = "MyData", "MyData\MyData.csproj", "{BC82023B-1655-4A0B-9709-9B204FD847E3}"
EndProject
Global
	GlobalSection(SolutionConfigurationPlatforms) = preSolution
		Debug|Any CPU = Debug|Any CPU
		Release|Any CPU = Release|Any CPU
	EndGlobalSection
	GlobalSection(ProjectConfigurationPlatforms) = postSolution
		{BC82023B-1655-4A0B-9709-9B204FD847E3}.Debug|Any CPU.ActiveCfg = Debug|Any CPU
		{BC82023B-1655-4A0B-9709-9B204FD847E3}.Debug|Any CPU.Build.0 = Debug|Any CPU
		{BC82023B-1655-4A0B-9709-9B204FD847E3}.Debug|Any CPU.Deploy.0 = Debug|Any CPU
		{BC82023B-1655-4A0B-9709-9B204FD847E3}.Release|Any CPU.ActiveCfg = Release|Any CPU
		{BC82023B-1655-4A0B-9709-9B204FD847E3}.Release|Any CPU.Build.0 = Release|Any CPU
		{BC82023B-1655-4A0B-9709-9B204FD847E3}.Release|Any CPU.Deploy.0 = Release|Any CPU
	EndGlobalSection
	GlobalSection(SolutionProperties) = preSolution
		HideSolutionNode = FALSE
	EndGlobalSection
	GlobalSection(ExtensibilityGlobals) = postSolution
		SolutionGuid = {BFCD5451-1167-4A86-B533-857BABD5D6B9}
	EndGlobalSection
EndGlobal
