
Microsoft Visual Studio Solution File, Format Version 12.00
# Visual Studio 15
VisualStudioVersion = 15.0.27130.2010
MinimumVisualStudioVersion = 10.0.40219.1
Project("{159641D6-6404-4A2A-AE62-294DE0FE8301}") = "TotalSleepIntegration", "TotalSleepIntegration\TotalSleepIntegration.dtproj", "{327FF581-4E97-45AC-A97B-DBBD1A224D64}"
EndProject
Global
	GlobalSection(SolutionConfigurationPlatforms) = preSolution
		Development|Default = Development|Default
	EndGlobalSection
	GlobalSection(ProjectConfigurationPlatforms) = postSolution
		{327FF581-4E97-45AC-A97B-DBBD1A224D64}.Development|Default.ActiveCfg = Development
		{327FF581-4E97-45AC-A97B-DBBD1A224D64}.Development|Default.Build.0 = Development
	EndGlobalSection
	GlobalSection(SolutionProperties) = preSolution
		HideSolutionNode = FALSE
	EndGlobalSection
	GlobalSection(ExtensibilityGlobals) = postSolution
		SolutionGuid = {5DC097E3-86AA-41B3-97AE-A8E68DBE3305}
	EndGlobalSection
EndGlobal
